
Microsoft Visual Studio Solution File, Format Version 12.00
# Visual Studio Version 17
VisualStudioVersion = 17.9.34728.123
MinimumVisualStudioVersion = 10.0.40219.1
Project("{9A19103F-16F7-4668-BE54-9A1E7A4F7556}") = "WinForm", "WinForm\WinForm.csproj", "{8551E108-D96B-4DD9-B438-8D7F11838284}"
EndProject
Project("{9A19103F-16F7-4668-BE54-9A1E7A4F7556}") = "WebApi", "WebApi\WebApi.csproj", "{2C71A57E-58DA-494F-9A0F-818C1D3F8DB4}"
EndProject
Project("{9A19103F-16F7-4668-BE54-9A1E7A4F7556}") = "ConApp", "ConApp\ConApp.csproj", "{73673903-2220-4B6F-8180-C982B15D5D78}"
EndProject
Project("{2150E333-8FDC-42A3-9474-1A3956D46DE8}") = "Solution Items", "Solution Items", "{AB712204-6B78-4051-96AB-58785414C86E}"
	ProjectSection(SolutionItems) = preProject
		script update database.txt = script update database.txt
	EndProjectSection
EndProject
Project("{9A19103F-16F7-4668-BE54-9A1E7A4F7556}") = "BuildingBlocks", "BuildingBlocks\BuildingBlocks.csproj", "{B30EF5C6-5034-4F7B-A3A8-F7CBFF52F062}"
EndProject
Project("{FAE04EC0-301F-11D3-BF4B-00C04F79EFBC}") = "ConAppSTD", "ConAppSTD\ConAppSTD.csproj", "{3E8EA8E1-3081-459B-9540-0EBC66317001}"
EndProject
Project("{FAE04EC0-301F-11D3-BF4B-00C04F79EFBC}") = "WebApiSTD", "WebApiSTD\WebApiSTD.csproj", "{C1C25D47-FD5C-493C-A1AA-EDF9DE8A7C5D}"
EndProject
Project("{FAE04EC0-301F-11D3-BF4B-00C04F79EFBC}") = "WinFormSTD", "WinFormSTD\WinFormSTD.csproj", "{F583582F-8B58-4ED8-860B-F93D7F6C8338}"
EndProject
Global
	GlobalSection(SolutionConfigurationPlatforms) = preSolution
		Debug|Any CPU = Debug|Any CPU
		Release|Any CPU = Release|Any CPU
	EndGlobalSection
	GlobalSection(ProjectConfigurationPlatforms) = postSolution
		{8551E108-D96B-4DD9-B438-8D7F11838284}.Debug|Any CPU.ActiveCfg = Debug|Any CPU
		{8551E108-D96B-4DD9-B438-8D7F11838284}.Debug|Any CPU.Build.0 = Debug|Any CPU
		{8551E108-D96B-4DD9-B438-8D7F11838284}.Release|Any CPU.ActiveCfg = Release|Any CPU
		{8551E108-D96B-4DD9-B438-8D7F11838284}.Release|Any CPU.Build.0 = Release|Any CPU
		{2C71A57E-58DA-494F-9A0F-818C1D3F8DB4}.Debug|Any CPU.ActiveCfg = Debug|Any CPU
		{2C71A57E-58DA-494F-9A0F-818C1D3F8DB4}.Debug|Any CPU.Build.0 = Debug|Any CPU
		{2C71A57E-58DA-494F-9A0F-818C1D3F8DB4}.Release|Any CPU.ActiveCfg = Release|Any CPU
		{2C71A57E-58DA-494F-9A0F-818C1D3F8DB4}.Release|Any CPU.Build.0 = Release|Any CPU
		{73673903-2220-4B6F-8180-C982B15D5D78}.Debug|Any CPU.ActiveCfg = Debug|Any CPU
		{73673903-2220-4B6F-8180-C982B15D5D78}.Debug|Any CPU.Build.0 = Debug|Any CPU
		{73673903-2220-4B6F-8180-C982B15D5D78}.Release|Any CPU.ActiveCfg = Release|Any CPU
		{73673903-2220-4B6F-8180-C982B15D5D78}.Release|Any CPU.Build.0 = Release|Any CPU
		{B30EF5C6-5034-4F7B-A3A8-F7CBFF52F062}.Debug|Any CPU.ActiveCfg = Debug|Any CPU
		{B30EF5C6-5034-4F7B-A3A8-F7CBFF52F062}.Debug|Any CPU.Build.0 = Debug|Any CPU
		{B30EF5C6-5034-4F7B-A3A8-F7CBFF52F062}.Release|Any CPU.ActiveCfg = Release|Any CPU
		{B30EF5C6-5034-4F7B-A3A8-F7CBFF52F062}.Release|Any CPU.Build.0 = Release|Any CPU
		{3E8EA8E1-3081-459B-9540-0EBC66317001}.Debug|Any CPU.ActiveCfg = Debug|Any CPU
		{3E8EA8E1-3081-459B-9540-0EBC66317001}.Debug|Any CPU.Build.0 = Debug|Any CPU
		{3E8EA8E1-3081-459B-9540-0EBC66317001}.Release|Any CPU.ActiveCfg = Release|Any CPU
		{3E8EA8E1-3081-459B-9540-0EBC66317001}.Release|Any CPU.Build.0 = Release|Any CPU
		{C1C25D47-FD5C-493C-A1AA-EDF9DE8A7C5D}.Debug|Any CPU.ActiveCfg = Debug|Any CPU
		{C1C25D47-FD5C-493C-A1AA-EDF9DE8A7C5D}.Debug|Any CPU.Build.0 = Debug|Any CPU
		{C1C25D47-FD5C-493C-A1AA-EDF9DE8A7C5D}.Release|Any CPU.ActiveCfg = Release|Any CPU
		{C1C25D47-FD5C-493C-A1AA-EDF9DE8A7C5D}.Release|Any CPU.Build.0 = Release|Any CPU
		{F583582F-8B58-4ED8-860B-F93D7F6C8338}.Debug|Any CPU.ActiveCfg = Debug|Any CPU
		{F583582F-8B58-4ED8-860B-F93D7F6C8338}.Debug|Any CPU.Build.0 = Debug|Any CPU
		{F583582F-8B58-4ED8-860B-F93D7F6C8338}.Release|Any CPU.ActiveCfg = Release|Any CPU
		{F583582F-8B58-4ED8-860B-F93D7F6C8338}.Release|Any CPU.Build.0 = Release|Any CPU
	EndGlobalSection
	GlobalSection(SolutionProperties) = preSolution
		HideSolutionNode = FALSE
	EndGlobalSection
	GlobalSection(ExtensibilityGlobals) = postSolution
		SolutionGuid = {88E225BB-44CF-4790-8028-71F5EF847E9B}
	EndGlobalSection
EndGlobal
